
Microsoft Visual Studio Solution File, Format Version 12.00
# Visual Studio Version 17
VisualStudioVersion = 17.3.32901.215
MinimumVisualStudioVersion = 10.0.40219.1
Project("{9A19103F-16F7-4668-BE54-9A1E7A4F7556}") = "CoreService-backend", "CoreService-backend\CoreService-backend.csproj", "{6036C3E1-DC90-4038-92A6-BD7F50ACCEED}"
EndProject
Project("{FAE04EC0-301F-11D3-BF4B-00C04F79EFBC}") = "CoreService-Core", "CoreService-Core\CoreService-Core.csproj", "{932722BD-2437-49DA-B465-4AFBC2FC3624}"
EndProject
Global
	GlobalSection(SolutionConfigurationPlatforms) = preSolution
		Debug|Any CPU = Debug|Any CPU
		Release|Any CPU = Release|Any CPU
	EndGlobalSection
	GlobalSection(ProjectConfigurationPlatforms) = postSolution
		{6036C3E1-DC90-4038-92A6-BD7F50ACCEED}.Debug|Any CPU.ActiveCfg = Debug|Any CPU
		{6036C3E1-DC90-4038-92A6-BD7F50ACCEED}.Debug|Any CPU.Build.0 = Debug|Any CPU
		{6036C3E1-DC90-4038-92A6-BD7F50ACCEED}.Release|Any CPU.ActiveCfg = Release|Any CPU
		{6036C3E1-DC90-4038-92A6-BD7F50ACCEED}.Release|Any CPU.Build.0 = Release|Any CPU
		{932722BD-2437-49DA-B465-4AFBC2FC3624}.Debug|Any CPU.ActiveCfg = Debug|Any CPU
		{932722BD-2437-49DA-B465-4AFBC2FC3624}.Debug|Any CPU.Build.0 = Debug|Any CPU
		{932722BD-2437-49DA-B465-4AFBC2FC3624}.Release|Any CPU.ActiveCfg = Release|Any CPU
		{932722BD-2437-49DA-B465-4AFBC2FC3624}.Release|Any CPU.Build.0 = Release|Any CPU
	EndGlobalSection
	GlobalSection(SolutionProperties) = preSolution
		HideSolutionNode = FALSE
	EndGlobalSection
	GlobalSection(ExtensibilityGlobals) = postSolution
		SolutionGuid = {271700EB-48F9-4F4E-807F-263323B5A68B}
	EndGlobalSection
EndGlobal
